
Microsoft Visual Studio Solution File, Format Version 12.00
# Visual Studio Version 17
VisualStudioVersion = 17.12.35707.178
MinimumVisualStudioVersion = 10.0.40219.1
Project("{FAE04EC0-301F-11D3-BF4B-00C04F79EFBC}") = "GenSpil.Test", "GenSpil.Test\GenSpil.Test.csproj", "{23484E38-83DC-4B6D-8EF3-D21BFA50B49E}"
EndProject
Project("{FAE04EC0-301F-11D3-BF4B-00C04F79EFBC}") = "GenSpil.Core", "GenSpil.Core\GenSpil.Core.csproj", "{C0D290ED-9AE3-478C-8E35-B09509DD9E96}"
EndProject
Global
	GlobalSection(SolutionConfigurationPlatforms) = preSolution
		Debug|Any CPU = Debug|Any CPU
		Release|Any CPU = Release|Any CPU
	EndGlobalSection
	GlobalSection(ProjectConfigurationPlatforms) = postSolution
		{23484E38-83DC-4B6D-8EF3-D21BFA50B49E}.Debug|Any CPU.ActiveCfg = Debug|Any CPU
		{23484E38-83DC-4B6D-8EF3-D21BFA50B49E}.Debug|Any CPU.Build.0 = Debug|Any CPU
		{23484E38-83DC-4B6D-8EF3-D21BFA50B49E}.Release|Any CPU.ActiveCfg = Release|Any CPU
		{23484E38-83DC-4B6D-8EF3-D21BFA50B49E}.Release|Any CPU.Build.0 = Release|Any CPU
		{C0D290ED-9AE3-478C-8E35-B09509DD9E96}.Debug|Any CPU.ActiveCfg = Debug|Any CPU
		{C0D290ED-9AE3-478C-8E35-B09509DD9E96}.Debug|Any CPU.Build.0 = Debug|Any CPU
		{C0D290ED-9AE3-478C-8E35-B09509DD9E96}.Release|Any CPU.ActiveCfg = Release|Any CPU
		{C0D290ED-9AE3-478C-8E35-B09509DD9E96}.Release|Any CPU.Build.0 = Release|Any CPU
	EndGlobalSection
	GlobalSection(SolutionProperties) = preSolution
		HideSolutionNode = FALSE
	EndGlobalSection
EndGlobal
